
Microsoft Visual Studio Solution File, Format Version 12.00
# Visual Studio Version 16
VisualStudioVersion = 16.0.32630.194
MinimumVisualStudioVersion = 10.0.40219.1
Project("{FAE04EC0-301F-11D3-BF4B-00C04F79EFBC}") = "inherit", "inherit.csproj", "{0730F8D3-BBB6-49A4-9B0A-281F5A2A8DA5}"
EndProject
Global
	GlobalSection(SolutionConfigurationPlatforms) = preSolution
		Debug|Any CPU = Debug|Any CPU
		Release|Any CPU = Release|Any CPU
	EndGlobalSection
	GlobalSection(ProjectConfigurationPlatforms) = postSolution
		{0730F8D3-BBB6-49A4-9B0A-281F5A2A8DA5}.Debug|Any CPU.ActiveCfg = Debug|Any CPU
		{0730F8D3-BBB6-49A4-9B0A-281F5A2A8DA5}.Debug|Any CPU.Build.0 = Debug|Any CPU
		{0730F8D3-BBB6-49A4-9B0A-281F5A2A8DA5}.Release|Any CPU.ActiveCfg = Release|Any CPU
		{0730F8D3-BBB6-49A4-9B0A-281F5A2A8DA5}.Release|Any CPU.Build.0 = Release|Any CPU
	EndGlobalSection
	GlobalSection(SolutionProperties) = preSolution
		HideSolutionNode = FALSE
	EndGlobalSection
	GlobalSection(ExtensibilityGlobals) = postSolution
		SolutionGuid = {A747CDF1-ED06-4F49-B6A3-11553E6EFE7D}
	EndGlobalSection
EndGlobal
